PODS:
  - Cartography (4.0.0)
  - ORSSerialPort (2.0.2)

DEPENDENCIES:
  - Cartography (~> 4.0.0)
  - ORSSerialPort

SPEC REPOS:
  https://github.com/cocoapods/specs.git:
    - Cartography
    - ORSSerialPort

SPEC CHECKSUMS:
  Cartography: c5626d29056b20f1e95c017326ee4df57cc39ad8
  ORSSerialPort: 3fb0d2404b7e8b99c4f1aa7e7314d63030cd54c3

PODFILE CHECKSUM: b238ccf0e47f4560c987c18131c7399dda24a625

COCOAPODS: 1.6.1
